{
  "name": "pingbox",
  "version": "0.2.0",
  "lockfileVersion": 1,
  "requires": true,
  "dependencies": {
    "chloride": {
      "version": "2.2.10",
      "resolved": "http://registry.npm.taobao.org/chloride/download/chloride-2.2.10.tgz",
      "integrity": "sha1-y2jd7tkyimO4vW4Vhe1YTI4SLyM=",
      "requires": {
        "is-electron": "^2.0.0",
        "sodium-browserify": "^1.2.4",
        "sodium-browserify-tweetnacl": "^0.2.2",
        "sodium-chloride": "^1.1.0",
        "sodium-native": "^2.1.6"
      }
    },
    "chloride-test": {
      "version": "1.2.2",
      "resolved": "http://registry.npm.taobao.org/chloride-test/download/chloride-test-1.2.2.tgz",
      "integrity": "sha1-F4aGqF6SeARREulujHkXk/mhCuo=",
      "requires": {
        "json-buffer": "^2.0.11"
      }
    },
    "debug": {
      "version": "4.1.1",
      "resolved": "http://registry.npm.taobao.org/debug/download/debug-4.1.1.tgz",
      "integrity": "sha1-O3ImAlUQnGtYnO4FDx1RYTlmR5E=",
      "requires": {
        "ms": "^2.1.1"
      }
    },
    "deep-equal": {
      "version": "1.0.1",
      "resolved": "http://registry.npm.taobao.org/deep-equal/download/deep-equal-1.0.1.tgz",
      "integrity": "sha1-9dJgKStmDghO/0zbyfCK0yR0SLU="
    },
    "ed2curve": {
      "version": "0.1.4",
      "resolved": "http://registry.npm.taobao.org/ed2curve/download/ed2curve-0.1.4.tgz",
      "integrity": "sha1-lKRCSLuH2jXbDv968KpXYWgRf1k=",
      "requires": {
        "tweetnacl": "0.x.x"
      }
    },
    "explain-error": {
      "version": "1.0.4",
      "resolved": "http://registry.npm.taobao.org/explain-error/download/explain-error-1.0.4.tgz",
      "integrity": "sha1-p5PTrAytTGq1cemWj7urbLJTKSk="
    },
    "increment-buffer": {
      "version": "1.0.1",
      "resolved": "http://registry.npm.taobao.org/increment-buffer/download/increment-buffer-1.0.1.tgz",
      "integrity": "sha1-ZQdtdRidgIs5rROrW5WOBSFvng0="
    },
    "inherits": {
      "version": "2.0.3",
      "resolved": "http://registry.npm.taobao.org/inherits/download/inherits-2.0.3.tgz",
      "integrity": "sha1-Yzwsg+PaQqUC9SRmAiSA9CCCYd4="
    },
    "ini": {
      "version": "1.3.5",
      "resolved": "http://registry.npm.taobao.org/ini/download/ini-1.3.5.tgz",
      "integrity": "sha1-7uJfVtscnsYIXgwid4CD9Zar+Sc=",
      "optional": true
    },
    "ip": {
      "version": "1.1.5",
      "resolved": "http://registry.npm.taobao.org/ip/download/ip-1.1.5.tgz",
      "integrity": "sha1-vd7XARQpCCjAoDnnLvJfWq7ENUo="
    },
    "is-electron": {
      "version": "2.2.0",
      "resolved": "http://registry.npm.taobao.org/is-electron/download/is-electron-2.2.0.tgz",
      "integrity": "sha1-iUMITwnotzGzp6ApintdVva37vA="
    },
    "json-buffer": {
      "version": "2.0.11",
      "resolved": "http://registry.npm.taobao.org/json-buffer/download/json-buffer-2.0.11.tgz",
      "integrity": "sha1-PkQf2jCYvo0eMXGtWRvGKjPi1V8="
    },
    "libsodium": {
      "version": "0.7.4",
      "resolved": "http://registry.npm.taobao.org/libsodium/download/libsodium-0.7.4.tgz",
      "integrity": "sha1-pbzNZeOhOzQUfqEJvjxl2J+QsHQ="
    },
    "libsodium-wrappers": {
      "version": "0.7.4",
      "resolved": "http://registry.npm.taobao.org/libsodium-wrappers/download/libsodium-wrappers-0.7.4.tgz",
      "integrity": "sha1-zbPOZVPkhkwKaAcMQxNYNIm9dl0=",
      "requires": {
        "libsodium": "0.7.4"
      }
    },
    "looper": {
      "version": "3.0.0",
      "resolved": "http://registry.npm.taobao.org/looper/download/looper-3.0.0.tgz",
      "integrity": "sha1-LvpUw7HLq6m5Su4uWRSwvlf7t0k="
    },
    "minimist": {
      "version": "1.2.0",
      "resolved": "http://registry.npm.taobao.org/minimist/download/minimist-1.2.0.tgz",
      "integrity": "sha1-o1AIsg9BOD7sH7kU9M1d95omQoQ="
    },
    "ms": {
      "version": "2.1.1",
      "resolved": "http://registry.npm.taobao.org/ms/download/ms-2.1.1.tgz",
      "integrity": "sha1-MKWGTrPrsKZvLr5tcnrwagnYbgo="
    },
    "multicb": {
      "version": "1.2.2",
      "resolved": "http://registry.npm.taobao.org/multicb/download/multicb-1.2.2.tgz",
      "integrity": "sha1-kFFKsPpzPJufTphw+rdxgKzfPDQ="
    },
    "multiserver": {
      "version": "3.2.0",
      "resolved": "http://registry.npm.taobao.org/multiserver/download/multiserver-3.2.0.tgz",
      "integrity": "sha1-CIGSWTZ6zQBwlAPN4q8YH1tA8Fc=",
      "requires": {
        "debug": "^4.1.1",
        "multicb": "^1.2.2",
        "multiserver-scopes": "^1.0.0",
        "pull-cat": "~1.1.5",
        "pull-stream": "^3.6.1",
        "pull-ws": "^3.3.0",
        "secret-handshake": "^1.1.16",
        "separator-escape": "0.0.0",
        "socks": "^2.2.3",
        "stream-to-pull-stream": "^1.7.2"
      }
    },
    "multiserver-scopes": {
      "version": "1.0.0",
      "resolved": "http://registry.npm.taobao.org/multiserver-scopes/download/multiserver-scopes-1.0.0.tgz",
      "integrity": "sha1-kUltmVzUbSqKDQYknuf7gFfKpKc=",
      "requires": {
        "non-private-ip": "^1.4.4"
      }
    },
    "muxrpc": {
      "version": "6.4.2",
      "resolved": "http://registry.npm.taobao.org/muxrpc/download/muxrpc-6.4.2.tgz",
      "integrity": "sha1-QRW//K5hyKqn/YoJBVIKF3Oqkck=",
      "requires": {
        "explain-error": "^1.0.1",
        "packet-stream": "~2.0.0",
        "packet-stream-codec": "^1.1.1",
        "pull-goodbye": "0.0.2",
        "pull-stream": "^3.2.3"
      }
    },
    "nan": {
      "version": "2.12.1",
      "resolved": "http://registry.npm.taobao.org/nan/download/nan-2.12.1.tgz",
      "integrity": "sha1-exqhk+mqhgV+PHu9CsRI53CSVVI=",
      "optional": true
    },
    "node-gyp-build": {
      "version": "3.8.0",
      "resolved": "http://registry.npm.taobao.org/node-gyp-build/download/node-gyp-build-3.8.0.tgz",
      "integrity": "sha1-D1fv6xlx9ATfy/q5dcKE3nxw8Uo=",
      "optional": true
    },
    "non-private-ip": {
      "version": "1.4.4",
      "resolved": "http://registry.npm.taobao.org/non-private-ip/download/non-private-ip-1.4.4.tgz",
      "integrity": "sha1-gr98vSTHp6h79k8cjdGvcRpoBNk=",
      "requires": {
        "ip": "^1.1.5"
      }
    },
    "options": {
      "version": "0.0.6",
      "resolved": "http://registry.npm.taobao.org/options/download/options-0.0.6.tgz",
      "integrity": "sha1-7CLTEoBrtT5zF3Pnza788cZDEo8="
    },
    "packet-stream": {
      "version": "2.0.4",
      "resolved": "http://registry.npm.taobao.org/packet-stream/download/packet-stream-2.0.4.tgz",
      "integrity": "sha1-VYpk+ydNbF79kxqhCjg31yCclOM="
    },
    "packet-stream-codec": {
      "version": "1.1.2",
      "resolved": "http://registry.npm.taobao.org/packet-stream-codec/download/packet-stream-codec-1.1.2.tgz",
      "integrity": "sha1-ebMC/BRM37tKtv66cEDmpdmcecc=",
      "requires": {
        "pull-reader": "^1.2.4",
        "pull-through": "^1.0.17"
      }
    },
    "pull-box-stream": {
      "version": "1.0.13",
      "resolved": "http://registry.npm.taobao.org/pull-box-stream/download/pull-box-stream-1.0.13.tgz",
      "integrity": "sha1-w+JAOY6rP1lRsu0QeMWYi/egork=",
      "requires": {
        "chloride": "^2.2.7",
        "increment-buffer": "~1.0.0",
        "pull-reader": "^1.2.5",
        "pull-stream": "^3.2.3",
        "pull-through": "^1.0.18",
        "split-buffer": "~1.0.0"
      }
    },
    "pull-cat": {
      "version": "1.1.11",
      "resolved": "http://registry.npm.taobao.org/pull-cat/download/pull-cat-1.1.11.tgz",
      "integrity": "sha1-tkLdElXaN2pwa220+pYvX9t0wxs="
    },
    "pull-goodbye": {
      "version": "0.0.2",
      "resolved": "http://registry.npm.taobao.org/pull-goodbye/download/pull-goodbye-0.0.2.tgz",
      "integrity": "sha1-jYNX21XiKnEN//DxaoyQtF7+QXE=",
      "requires": {
        "pull-stream": "~3.5.0"
      },
      "dependencies": {
        "pull-stream": {
          "version": "3.5.0",
          "resolved": "http://registry.npm.taobao.org/pull-stream/download/pull-stream-3.5.0.tgz",
          "integrity": "sha1-HuW292/Ts6SaWvtt7VwDIKyzz8c="
        }
      }
    },
    "pull-handshake": {
      "version": "1.1.4",
      "resolved": "http://registry.npm.taobao.org/pull-handshake/download/pull-handshake-1.1.4.tgz",
      "integrity": "sha1-YACg/QGIhM39c3JU+Mxgqypjd5E=",
      "requires": {
        "pull-cat": "^1.1.9",
        "pull-pair": "~1.1.0",
        "pull-pushable": "^2.0.0",
        "pull-reader": "^1.2.3"
      }
    },
    "pull-pair": {
      "version": "1.1.0",
      "resolved": "http://registry.npm.taobao.org/pull-pair/download/pull-pair-1.1.0.tgz",
      "integrity": "sha1-fuQnJj/fTaglOXrAoF4atLdL120="
    },
    "pull-pushable": {
      "version": "2.2.0",
      "resolved": "http://registry.npm.taobao.org/pull-pushable/download/pull-pushable-2.2.0.tgz",
      "integrity": "sha1-Xy867UethpGfAbEqLpnW8b13ZYE="
    },
    "pull-reader": {
      "version": "1.3.1",
      "resolved": "http://registry.npm.taobao.org/pull-reader/download/pull-reader-1.3.1.tgz",
      "integrity": "sha1-A6JT43784REiPqLcHeyEe+GUC+Y="
    },
    "pull-stream": {
      "version": "3.6.9",
      "resolved": "http://registry.npm.taobao.org/pull-stream/download/pull-stream-3.6.9.tgz",
      "integrity": "sha1-x3RyTNY7wJhMNpX3TIGaoC6XcyA="
    },
    "pull-through": {
      "version": "1.0.18",
      "resolved": "http://registry.npm.taobao.org/pull-through/download/pull-through-1.0.18.tgz",
      "integrity": "sha1-jdYjFCY+Wc9Qlur7sSeitu8xBzU=",
      "requires": {
        "looper": "~3.0.0"
      }
    },
    "pull-ws": {
      "version": "3.3.2",
      "resolved": "http://registry.npm.taobao.org/pull-ws/download/pull-ws-3.3.2.tgz",
      "integrity": "sha1-q6xJekgA50q5ptdJyBpE0S1Od7M=",
      "requires": {
        "relative-url": "^1.0.2",
        "safe-buffer": "^5.1.1",
        "ws": "^1.1.0"
      }
    },
    "relative-url": {
      "version": "1.0.2",
      "resolved": "http://registry.npm.taobao.org/relative-url/download/relative-url-1.0.2.tgz",
      "integrity": "sha1-0hxSpy1gYQGLzun5yfwQa/fWUoc="
    },
    "safe-buffer": {
      "version": "5.1.2",
      "resolved": "http://registry.npm.taobao.org/safe-buffer/download/safe-buffer-5.1.2.tgz",
      "integrity": "sha1-mR7GnSluAxN0fVm9/St0XDX4go0="
    },
    "secret-handshake": {
      "version": "1.1.16",
      "resolved": "http://registry.npm.taobao.org/secret-handshake/download/secret-handshake-1.1.16.tgz",
      "integrity": "sha1-zv9J25mxbpl4QwtoVzFRA8l2BWE=",
      "requires": {
        "chloride": "^2.2.7",
        "deep-equal": "~1.0.0",
        "explain-error": "^1.0.4",
        "pull-box-stream": "^1.0.13",
        "pull-handshake": "^1.1.1",
        "pull-stream": "^3.4.5"
      }
    },
    "separator-escape": {
      "version": "0.0.0",
      "resolved": "http://registry.npm.taobao.org/separator-escape/download/separator-escape-0.0.0.tgz",
      "integrity": "sha1-5DNnaTICBFTjwUhwxRfqHeVsL6Q="
    },
    "sha.js": {
      "version": "2.4.5",
      "resolved": "http://registry.npm.taobao.org/sha.js/download/sha.js-2.4.5.tgz",
      "integrity": "sha1-J9Fx78yCoRi5ljn/WBZgJCtQbnw=",
      "requires": {
        "inherits": "^2.0.1"
      }
    },
    "smart-buffer": {
      "version": "4.0.2",
      "resolved": "http://registry.npm.taobao.org/smart-buffer/download/smart-buffer-4.0.2.tgz",
      "integrity": "sha1-UgeFjDgVzGkRBwPGuU5GwVY0OV0="
    },
    "socks": {
      "version": "2.3.2",
      "resolved": "http://registry.npm.taobao.org/socks/download/socks-2.3.2.tgz",
      "integrity": "sha1-reOI6ebYf9sRZJwVdGxXiSKliD4=",
      "requires": {
        "ip": "^1.1.5",
        "smart-buffer": "4.0.2"
      }
    },
    "sodium-browserify": {
      "version": "1.2.4",
      "resolved": "http://registry.npm.taobao.org/sodium-browserify/download/sodium-browserify-1.2.4.tgz",
      "integrity": "sha1-riuCdKKp/J8yKmB3tzpz9V7QsAs=",
      "requires": {
        "libsodium-wrappers": "^0.7.3",
        "sha.js": "2.4.5",
        "sodium-browserify-tweetnacl": "^0.2.3",
        "tweetnacl": "^0.14.1"
      }
    },
    "sodium-browserify-tweetnacl": {
      "version": "0.2.3",
      "resolved": "http://registry.npm.taobao.org/sodium-browserify-tweetnacl/download/sodium-browserify-tweetnacl-0.2.3.tgz",
      "integrity": "sha1-tVN//LufdOvEQ7i2ohGykej8vI4=",
      "requires": {
        "chloride-test": "^1.1.0",
        "ed2curve": "^0.1.4",
        "sha.js": "^2.4.8",
        "tweetnacl": "^0.14.1",
        "tweetnacl-auth": "^0.3.0"
      },
      "dependencies": {
        "sha.js": {
          "version": "2.4.11",
          "resolved": "http://registry.npm.taobao.org/sha.js/download/sha.js-2.4.11.tgz",
          "integrity": "sha1-N6XPC4HsvGlD3hCbopYNGyZYSuc=",
          "requires": {
            "inherits": "^2.0.1",
            "safe-buffer": "^5.0.1"
          }
        }
      }
    },
    "sodium-chloride": {
      "version": "1.1.2",
      "resolved": "http://registry.npm.taobao.org/sodium-chloride/download/sodium-chloride-1.1.2.tgz",
      "integrity": "sha1-gjyfn0zRAxVu8wM97yVqoqK4nrA="
    },
    "sodium-native": {
      "version": "2.3.0",
      "resolved": "http://registry.npm.taobao.org/sodium-native/download/sodium-native-2.3.0.tgz",
      "integrity": "sha1-QM7l9QS7X2GWzEDEJ0gWLWbsJZg=",
      "optional": true,
      "requires": {
        "ini": "^1.3.5",
        "nan": "^2.4.0",
        "node-gyp-build": "^3.0.0"
      }
    },
    "split-buffer": {
      "version": "1.0.0",
      "resolved": "http://registry.npm.taobao.org/split-buffer/download/split-buffer-1.0.0.tgz",
      "integrity": "sha1-t+jgq1E0UVi3LB9tvvJAbVHx0Cc="
    },
    "stream-to-pull-stream": {
      "version": "1.7.2",
      "resolved": "http://registry.npm.taobao.org/stream-to-pull-stream/download/stream-to-pull-stream-1.7.2.tgz",
      "integrity": "sha1-dXYJrhzr0zx0MtSvvjH/eGULnd4=",
      "requires": {
        "looper": "^3.0.0",
        "pull-stream": "^3.2.3"
      }
    },
    "tweetnacl": {
      "version": "0.14.5",
      "resolved": "http://registry.npm.taobao.org/tweetnacl/download/tweetnacl-0.14.5.tgz",
      "integrity": "sha1-WuaBd/GS1EViadEIr6k/+HQ/T2Q="
    },
    "tweetnacl-auth": {
      "version": "0.3.1",
      "resolved": "http://registry.npm.taobao.org/tweetnacl-auth/download/tweetnacl-auth-0.3.1.tgz",
      "integrity": "sha1-t1vC3xVkm7hOi5qjwGacbEvODSU=",
      "requires": {
        "tweetnacl": "0.x.x"
      }
    },
    "ultron": {
      "version": "1.0.2",
      "resolved": "http://registry.npm.taobao.org/ultron/download/ultron-1.0.2.tgz",
      "integrity": "sha1-rOEWq1V80Zc4ak6I9GhTeMiy5Po="
    },
    "ws": {
      "version": "1.1.5",
      "resolved": "http://registry.npm.taobao.org/ws/download/ws-1.1.5.tgz",
      "integrity": "sha1-y9nm514J/F0skAFfIfDECHXg3VE=",
      "requires": {
        "options": ">=0.0.5",
        "ultron": "1.0.x"
      }
    }
  }
}
